
Microsoft Visual Studio Solution File, Format Version 12.00
# Visual Studio 2013
VisualStudioVersion = 12.0.21005.1
MinimumVisualStudioVersion = 10.0.40219.1
Project("{FAE04EC0-301F-11D3-BF4B-00C04F79EFBC}") = "FundingPilotSystem.UI", "FundingPilotSystem\FundingPilotSystem.UI.csproj", "{2537CC9C-1183-4DAF-AD46-9577341CCB74}"
EndProject
Project("{FAE04EC0-301F-11D3-BF4B-00C04F79EFBC}") = "FundingPilotSystem.UnifiedDataStore", "FundingPilotSystem.UnifiedDataStore\FundingPilotSystem.UnifiedDataStore.csproj", "{37A16C94-B9B8-45EE-B743-BCDDE6DF0F5F}"
EndProject
Project("{FAE04EC0-301F-11D3-BF4B-00C04F79EFBC}") = "FundingPilotSystem.DAL", "FundingPilotSystem.DAL\FundingPilotSystem.DAL.csproj", "{AEACB441-CC57-48ED-894F-9B26C2098994}"
EndProject
Project("{FAE04EC0-301F-11D3-BF4B-00C04F79EFBC}") = "FundingPilotSystem.BLL", "FundingPilotSystem.BLL\FundingPilotSystem.BLL.csproj", "{BE824FE3-CAE6-40C1-BF6B-3EA9680CB4E2}"
EndProject
Project("{FAE04EC0-301F-11D3-BF4B-00C04F79EFBC}") = "FundingPilotSystem.BO", "FundingPilotSystem.BO\FundingPilotSystem.BO.csproj", "{79791979-ADC7-470C-B748-2277ACCE3D72}"
EndProject
Project("{FAE04EC0-301F-11D3-BF4B-00C04F79EFBC}") = "FundingPilotSystem.VM", "FundingPilotSystem.VM\FundingPilotSystem.VM.csproj", "{AE114F51-617E-4991-87A6-92372A45312F}"
EndProject
Project("{FAE04EC0-301F-11D3-BF4B-00C04F79EFBC}") = "FundingPilotSystem.Services", "FundingPilotSystem.Services\FundingPilotSystem.Services.csproj", "{94C49A6D-406C-4939-8D09-A7F890C32D9C}"
EndProject
Project("{FAE04EC0-301F-11D3-BF4B-00C04F79EFBC}") = "FundingPilotSystem.UnitTests", "FundingPilotSystem.UnitTests\FundingPilotSystem.UnitTests.csproj", "{C32AB558-87E0-49A0-833F-B8273A5558FC}"
EndProject
Project("{FAE04EC0-301F-11D3-BF4B-00C04F79EFBC}") = "FundingPilotSystem.NemIDProvider", "FundingPilotSystem.NemIDProvider\FundingPilotSystem.NemIDProvider.csproj", "{B2239490-F258-4D10-8064-8E4D27059D7E}"
EndProject
Project("{FAE04EC0-301F-11D3-BF4B-00C04F79EFBC}") = "FundingPilotSystem.Domain", "FundingPilotSystem.PC\FundingPilotSystem.Domain.csproj", "{A771D4D3-E173-405C-8D19-61700B8BF326}"
EndProject
Project("{FAE04EC0-301F-11D3-BF4B-00C04F79EFBC}") = "FundingPilotSystem.LoggingFramework", "LoggingFramework\FundingPilotSystem.LoggingFramework.csproj", "{F40FEE50-378E-4101-BAED-F5932310ADE7}"
EndProject
Project("{FAE04EC0-301F-11D3-BF4B-00C04F79EFBC}") = "FundingPilotSystem.Common", "FundingPilotSystem.Common\FundingPilotSystem.Common.csproj", "{A64D1544-A212-49F2-B2B0-233B316EE574}"
EndProject
Project("{FAE04EC0-301F-11D3-BF4B-00C04F79EFBC}") = "FundingPilotSystem.NotificationService", "FundingPilotSystem.NotificationService\FundingPilotSystem.NotificationService.csproj", "{FA0F05D8-8B56-4975-A490-361D9E49E63C}"
EndProject
Global
	GlobalSection(SubversionScc) = preSolution
		Svn-Managed = True
		Manager = AnkhSVN - Subversion Support for Visual Studio
	EndGlobalSection
	GlobalSection(SolutionConfigurationPlatforms) = preSolution
		Debug|Any CPU = Debug|Any CPU
		Release|Any CPU = Release|Any CPU
	EndGlobalSection
	GlobalSection(ProjectConfigurationPlatforms) = postSolution
		{2537CC9C-1183-4DAF-AD46-9577341CCB74}.Debug|Any CPU.ActiveCfg = Debug|Any CPU
		{2537CC9C-1183-4DAF-AD46-9577341CCB74}.Debug|Any CPU.Build.0 = Debug|Any CPU
		{2537CC9C-1183-4DAF-AD46-9577341CCB74}.Release|Any CPU.ActiveCfg = Release|Any CPU
		{2537CC9C-1183-4DAF-AD46-9577341CCB74}.Release|Any CPU.Build.0 = Release|Any CPU
		{37A16C94-B9B8-45EE-B743-BCDDE6DF0F5F}.Debug|Any CPU.ActiveCfg = Debug|Any CPU
		{37A16C94-B9B8-45EE-B743-BCDDE6DF0F5F}.Debug|Any CPU.Build.0 = Debug|Any CPU
		{37A16C94-B9B8-45EE-B743-BCDDE6DF0F5F}.Release|Any CPU.ActiveCfg = Release|Any CPU
		{37A16C94-B9B8-45EE-B743-BCDDE6DF0F5F}.Release|Any CPU.Build.0 = Release|Any CPU
		{AEACB441-CC57-48ED-894F-9B26C2098994}.Debug|Any CPU.ActiveCfg = Debug|Any CPU
		{AEACB441-CC57-48ED-894F-9B26C2098994}.Debug|Any CPU.Build.0 = Debug|Any CPU
		{AEACB441-CC57-48ED-894F-9B26C2098994}.Release|Any CPU.ActiveCfg = Release|Any CPU
		{AEACB441-CC57-48ED-894F-9B26C2098994}.Release|Any CPU.Build.0 = Release|Any CPU
		{BE824FE3-CAE6-40C1-BF6B-3EA9680CB4E2}.Debug|Any CPU.ActiveCfg = Debug|Any CPU
		{BE824FE3-CAE6-40C1-BF6B-3EA9680CB4E2}.Debug|Any CPU.Build.0 = Debug|Any CPU
		{BE824FE3-CAE6-40C1-BF6B-3EA9680CB4E2}.Release|Any CPU.ActiveCfg = Release|Any CPU
		{BE824FE3-CAE6-40C1-BF6B-3EA9680CB4E2}.Release|Any CPU.Build.0 = Release|Any CPU
		{79791979-ADC7-470C-B748-2277ACCE3D72}.Debug|Any CPU.ActiveCfg = Debug|Any CPU
		{79791979-ADC7-470C-B748-2277ACCE3D72}.Debug|Any CPU.Build.0 = Debug|Any CPU
		{79791979-ADC7-470C-B748-2277ACCE3D72}.Release|Any CPU.ActiveCfg = Release|Any CPU
		{79791979-ADC7-470C-B748-2277ACCE3D72}.Release|Any CPU.Build.0 = Release|Any CPU
		{AE114F51-617E-4991-87A6-92372A45312F}.Debug|Any CPU.ActiveCfg = Debug|Any CPU
		{AE114F51-617E-4991-87A6-92372A45312F}.Debug|Any CPU.Build.0 = Debug|Any CPU
		{AE114F51-617E-4991-87A6-92372A45312F}.Release|Any CPU.ActiveCfg = Release|Any CPU
		{AE114F51-617E-4991-87A6-92372A45312F}.Release|Any CPU.Build.0 = Release|Any CPU
		{94C49A6D-406C-4939-8D09-A7F890C32D9C}.Debug|Any CPU.ActiveCfg = Debug|Any CPU
		{94C49A6D-406C-4939-8D09-A7F890C32D9C}.Debug|Any CPU.Build.0 = Debug|Any CPU
		{94C49A6D-406C-4939-8D09-A7F890C32D9C}.Release|Any CPU.ActiveCfg = Release|Any CPU
		{94C49A6D-406C-4939-8D09-A7F890C32D9C}.Release|Any CPU.Build.0 = Release|Any CPU
		{C32AB558-87E0-49A0-833F-B8273A5558FC}.Debug|Any CPU.ActiveCfg = Debug|Any CPU
		{C32AB558-87E0-49A0-833F-B8273A5558FC}.Debug|Any CPU.Build.0 = Debug|Any CPU
		{C32AB558-87E0-49A0-833F-B8273A5558FC}.Release|Any CPU.ActiveCfg = Release|Any CPU
		{C32AB558-87E0-49A0-833F-B8273A5558FC}.Release|Any CPU.Build.0 = Release|Any CPU
		{B2239490-F258-4D10-8064-8E4D27059D7E}.Debug|Any CPU.ActiveCfg = Debug|Any CPU
		{B2239490-F258-4D10-8064-8E4D27059D7E}.Debug|Any CPU.Build.0 = Debug|Any CPU
		{B2239490-F258-4D10-8064-8E4D27059D7E}.Release|Any CPU.ActiveCfg = Release|Any CPU
		{B2239490-F258-4D10-8064-8E4D27059D7E}.Release|Any CPU.Build.0 = Release|Any CPU
		{A771D4D3-E173-405C-8D19-61700B8BF326}.Debug|Any CPU.ActiveCfg = Debug|Any CPU
		{A771D4D3-E173-405C-8D19-61700B8BF326}.Debug|Any CPU.Build.0 = Debug|Any CPU
		{A771D4D3-E173-405C-8D19-61700B8BF326}.Release|Any CPU.ActiveCfg = Release|Any CPU
		{A771D4D3-E173-405C-8D19-61700B8BF326}.Release|Any CPU.Build.0 = Release|Any CPU
		{F40FEE50-378E-4101-BAED-F5932310ADE7}.Debug|Any CPU.ActiveCfg = Debug|Any CPU
		{F40FEE50-378E-4101-BAED-F5932310ADE7}.Debug|Any CPU.Build.0 = Debug|Any CPU
		{F40FEE50-378E-4101-BAED-F5932310ADE7}.Release|Any CPU.ActiveCfg = Release|Any CPU
		{F40FEE50-378E-4101-BAED-F5932310ADE7}.Release|Any CPU.Build.0 = Release|Any CPU
		{A64D1544-A212-49F2-B2B0-233B316EE574}.Debug|Any CPU.ActiveCfg = Debug|Any CPU
		{A64D1544-A212-49F2-B2B0-233B316EE574}.Debug|Any CPU.Build.0 = Debug|Any CPU
		{A64D1544-A212-49F2-B2B0-233B316EE574}.Release|Any CPU.ActiveCfg = Release|Any CPU
		{A64D1544-A212-49F2-B2B0-233B316EE574}.Release|Any CPU.Build.0 = Release|Any CPU
		{FA0F05D8-8B56-4975-A490-361D9E49E63C}.Debug|Any CPU.ActiveCfg = Debug|Any CPU
		{FA0F05D8-8B56-4975-A490-361D9E49E63C}.Debug|Any CPU.Build.0 = Debug|Any CPU
		{FA0F05D8-8B56-4975-A490-361D9E49E63C}.Release|Any CPU.ActiveCfg = Release|Any CPU
		{FA0F05D8-8B56-4975-A490-361D9E49E63C}.Release|Any CPU.Build.0 = Release|Any CPU
	EndGlobalSection
	GlobalSection(SolutionProperties) = preSolution
		HideSolutionNode = FALSE
	EndGlobalSection
EndGlobal
